<?xml version="1.0" encoding="utf-8"?>
<Project ToolsVersion="4.0" xmlns="http://schemas.microsoft.com/developer/msbuild/2003">
  <ItemGroup>
    <Filter Include="Source Files">
      <UniqueIdentifier>{4FC737F1-C7A5-4376-A066-2A32D752A2FF}</UniqueIdentifier>
      <Extensions>cpp;c;cc;cxx;def;odl;idl;hpj;bat;asm;asmx</Extensions>
    </Filter>
    <Filter Include="Header Files">
      <UniqueIdentifier>{93995380-89BD-4b04-88EB-625FBE52EBFB}</UniqueIdentifier>
      <Extensions>h;hh;hpp;hxx;hm;inl;inc;ipp;xsd</Extensions>
    </Filter>
    <Filter Include="Natvis Files">
      <UniqueIdentifier>{63769DDA-8B68-4498-A00F-28E955133CD7}</UniqueIdentifier>
      <Extensions>natvis</Extensions>
    </Filter>
    <Filter Include="Resource Files">
      <UniqueIdentifier>{67DA6AB6-F800-4c08-8B7A-83BB121AAD01}</UniqueIdentifier>
      <Extensions>rc;ico;cur;bmp;dlg;rc2;rct;bin;rgs;gif;jpg;jpeg;jpe;resx;tiff;tif;png;wav;mfcribbon-ms</Extensions>
    </Filter>
  </ItemGroup>
  <ItemGroup>
    <ClCompile Include="dllmain.cpp">
      <Filter>Source Files</Filter>
    </ClCompile>
    <ClCompile Include="hooks.cpp">
      <Filter>Source Files</Filter>
    </ClCompile>
    <ClCompile Include="versioninfo.c">
      <Filter>Source Files</Filter>
    </ClCompile>
    <ClCompile Include="xmlreader_hooks.cpp">
      <Filter>Source Files</Filter>
    </ClCompile>
    <ClCompile Include="xmlpatch.cpp">
      <Filter>Source Files</Filter>
    </ClCompile>
    <ClCompile Include="fast_wild_compare.cpp">
      <Filter>Source Files</Filter>
    </ClCompile>
    <ClCompile Include="antigg.cpp">
      <Filter>Source Files</Filter>
    </ClCompile>
    <ClCompile Include="logging.cpp">
      <Filter>Source Files</Filter>
    </ClCompile>
    <ClCompile Include="iprewriter.cpp">
      <Filter>Source Files</Filter>
    </ClCompile>
  </ItemGroup>
  <ItemGroup>
    <ClInclude Include="xmlreader.h">
      <Filter>Header Files</Filter>
    </ClInclude>
    <ClInclude Include="xmlpatch.h">
      <Filter>Header Files</Filter>
    </ClInclude>
    <ClInclude Include="versioninfo.h">
      <Filter>Header Files</Filter>
    </ClInclude>
    <ClInclude Include="hooks.h">
      <Filter>Header Files</Filter>
    </ClInclude>
    <ClInclude Include="pluginsdk.h">
      <Filter>Header Files</Filter>
    </ClInclude>
    <ClInclude Include="xmlreader_hooks.h">
      <Filter>Header Files</Filter>
    </ClInclude>
    <ClInclude Include="binary_reader.h">
      <Filter>Header Files</Filter>
    </ClInclude>
    <ClInclude Include="fast_wild_compare.h">
      <Filter>Header Files</Filter>
    </ClInclude>
    <ClInclude Include="antigg.h">
      <Filter>Header Files</Filter>
    </ClInclude>
    <ClInclude Include="logging.h">
      <Filter>Header Files</Filter>
    </ClInclude>
    <ClInclude Include="namedpipe.h">
      <Filter>Header Files</Filter>
    </ClInclude>
    <ClInclude Include="iprewriter.h">
      <Filter>Header Files</Filter>
    </ClInclude>
  </ItemGroup>
  <ItemGroup>
    <Natvis Include="..\..\..\dependencies\pugixml\scripts\natvis\pugixml_compact.natvis">
      <Filter>Natvis Files</Filter>
    </Natvis>
    <Natvis Include="..\..\..\dependencies\pugixml\scripts\natvis\pugixml.natvis">
      <Filter>Natvis Files</Filter>
    </Natvis>
  </ItemGroup>
</Project>